
Microsoft Visual Studio Solution File, Format Version 12.00
# Visual Studio Version 16
VisualStudioVersion = 16.0.30717.126
MinimumVisualStudioVersion = 10.0.40219.1
Project("{FAE04EC0-301F-11D3-BF4B-00C04F79EFBC}") = "ReportiumLib", "ReportiumLib\ReportiumLib.csproj", "{5EE6A0C9-73C6-442E-9E1B-652397D67D4E}"
EndProject
Project("{FAE04EC0-301F-11D3-BF4B-00C04F79EFBC}") = "ReportiumLib.UnitTests", "ReportiumLib.UnitTests\ReportiumLib.UnitTests.csproj", "{EF85BEF6-02C0-4976-9954-4639F892F9C6}"
EndProject
Project("{2150E333-8FDC-42A3-9474-1A3956D46DE8}") = "Documents", "Documents", "{C10DDD9B-B642-4046-8D27-E7F23062820B}"
EndProject
Project("{2150E333-8FDC-42A3-9474-1A3956D46DE8}") = "Build", "Build", "{91C84C12-2AAA-4E4A-B60F-F79109E77C9D}"
EndProject
Project("{2150E333-8FDC-42A3-9474-1A3956D46DE8}") = "TestSettings", "TestSettings", "{D964B015-55B0-4751-B02C-587AE3F6F5E0}"
	ProjectSection(SolutionItems) = preProject
		..\..\..\test\azure_settings_mstest.runsettings = ..\..\..\test\azure_settings_mstest.runsettings
	EndProjectSection
EndProject
Global
	GlobalSection(SolutionConfigurationPlatforms) = preSolution
		Debug|Any CPU = Debug|Any CPU
		Release|Any CPU = Release|Any CPU
	EndGlobalSection
	GlobalSection(ProjectConfigurationPlatforms) = postSolution
		{5EE6A0C9-73C6-442E-9E1B-652397D67D4E}.Debug|Any CPU.ActiveCfg = Debug|Any CPU
		{5EE6A0C9-73C6-442E-9E1B-652397D67D4E}.Debug|Any CPU.Build.0 = Debug|Any CPU
		{5EE6A0C9-73C6-442E-9E1B-652397D67D4E}.Release|Any CPU.ActiveCfg = Release|Any CPU
		{5EE6A0C9-73C6-442E-9E1B-652397D67D4E}.Release|Any CPU.Build.0 = Release|Any CPU
		{EF85BEF6-02C0-4976-9954-4639F892F9C6}.Debug|Any CPU.ActiveCfg = Debug|Any CPU
		{EF85BEF6-02C0-4976-9954-4639F892F9C6}.Debug|Any CPU.Build.0 = Debug|Any CPU
		{EF85BEF6-02C0-4976-9954-4639F892F9C6}.Release|Any CPU.ActiveCfg = Release|Any CPU
		{EF85BEF6-02C0-4976-9954-4639F892F9C6}.Release|Any CPU.Build.0 = Release|Any CPU
	EndGlobalSection
	GlobalSection(SolutionProperties) = preSolution
		HideSolutionNode = FALSE
	EndGlobalSection
	GlobalSection(ExtensibilityGlobals) = postSolution
		SolutionGuid = {EDE7B60D-E863-424B-A8AB-CF8544CF158E}
	EndGlobalSection
EndGlobal
